<?xml version="1.0" encoding="utf-8"?>
<Project ToolsVersion="4.0" xmlns="http://schemas.microsoft.com/developer/msbuild/2003">
  <ItemGroup>
    <Filter Include="Source Files">
      <UniqueIdentifier>{4FC737F1-C7A5-4376-A066-2A32D752A2FF}</UniqueIdentifier>
      <Extensions>cpp;c;cc;cxx;c++;cppm;ixx;def;odl;idl;hpj;bat;asm;asmx</Extensions>
    </Filter>
    <Filter Include="Header Files">
      <UniqueIdentifier>{93995380-89BD-4b04-88EB-625FBE52EBFB}</UniqueIdentifier>
      <Extensions>h;hh;hpp;hxx;h++;hm;inl;inc;ipp;xsd</Extensions>
    </Filter>
    <Filter Include="Resource Files">
      <UniqueIdentifier>{67DA6AB6-F800-4c08-8B7A-83BB121AAD01}</UniqueIdentifier>
      <Extensions>rc;ico;cur;bmp;dlg;rc2;rct;bin;rgs;gif;jpg;jpeg;jpe;resx;tiff;tif;png;wav;mfcribbon-ms</Extensions>
    </Filter>
    <Filter Include="Header Files\Core">
      <UniqueIdentifier>{a8ebef5a-7617-4279-bb86-71ee24750c86}</UniqueIdentifier>
    </Filter>
    <Filter Include="Header Files\System">
      <UniqueIdentifier>{3da599f0-1617-4078-b688-4139de8da5b8}</UniqueIdentifier>
    </Filter>
    <Filter Include="Header Files\Component">
      <UniqueIdentifier>{185d78fd-7045-4a47-b64f-ff7926286264}</UniqueIdentifier>
    </Filter>
  </ItemGroup>
  <ItemGroup>
    <ClInclude Include="ConsoleManager.hpp">
      <Filter>Header Files</Filter>
    </ClInclude>
    <ClInclude Include="TranslateComponent.hpp">
      <Filter>Header Files</Filter>
    </ClInclude>
    <ClInclude Include="MovementController.hpp">
      <Filter>Header Files</Filter>
    </ClInclude>
    <ClInclude Include="WindowsKeyState.hpp">
      <Filter>Header Files</Filter>
    </ClInclude>
    <ClInclude Include="IKeyState.hpp">
      <Filter>Header Files</Filter>
    </ClInclude>
    <ClInclude Include="Debug.hpp">
      <Filter>Header Files</Filter>
    </ClInclude>
    <ClInclude Include="AIController.hpp">
      <Filter>Header Files</Filter>
    </ClInclude>
    <ClInclude Include="PhysicsController.hpp">
      <Filter>Header Files</Filter>
    </ClInclude>
    <ClInclude Include="EntityManager.hpp">
      <Filter>Header Files</Filter>
    </ClInclude>
    <ClInclude Include="SystemManager.hpp">
      <Filter>Header Files</Filter>
    </ClInclude>
    <ClInclude Include="Game.hpp">
      <Filter>Header Files</Filter>
    </ClInclude>
    <ClInclude Include="ISystem.hpp">
      <Filter>Header Files</Filter>
    </ClInclude>
    <ClInclude Include="Archetype.hpp">
      <Filter>Header Files</Filter>
    </ClInclude>
    <ClInclude Include="SystemBase.hpp">
      <Filter>Header Files</Filter>
    </ClInclude>
    <ClInclude Include="IArchetype.hpp">
      <Filter>Header Files</Filter>
    </ClInclude>
  </ItemGroup>
  <ItemGroup>
    <ClCompile Include="Main.cpp">
      <Filter>Source Files</Filter>
    </ClCompile>
    <ClCompile Include="SparseArray.hpp">
      <Filter>Header Files</Filter>
    </ClCompile>
    <ClCompile Include="SymbolComponent.hpp">
      <Filter>Header Files</Filter>
    </ClCompile>
    <ClCompile Include="InputManager.hpp">
      <Filter>Header Files</Filter>
    </ClCompile>
    <ClCompile Include="WindowsKeyState.cpp">
      <Filter>Resource Files</Filter>
    </ClCompile>
    <ClCompile Include="BoxCollider.hpp">
      <Filter>Header Files</Filter>
    </ClCompile>
    <ClCompile Include="ComponentManager.hpp">
      <Filter>Header Files</Filter>
    </ClCompile>
    <ClCompile Include="AIController.cpp">
      <Filter>Source Files</Filter>
    </ClCompile>
  </ItemGroup>
</Project>